
Microsoft Visual Studio Solution File, Format Version 12.00
# Visual Studio Version 17
VisualStudioVersion = 17.1.32210.238
MinimumVisualStudioVersion = 10.0.40219.1
Project("{FAE04EC0-301F-11D3-BF4B-00C04F79EFBC}") = "Calculation.API", "Calculation.API\Calculation.API.csproj", "{74C19AD7-B0F4-4D94-9D1E-3A08A7591B88}"
EndProject
Global
	GlobalSection(SolutionConfigurationPlatforms) = preSolution
		Debug|Any CPU = Debug|Any CPU
		Release|Any CPU = Release|Any CPU
	EndGlobalSection
	GlobalSection(ProjectConfigurationPlatforms) = postSolution
		{74C19AD7-B0F4-4D94-9D1E-3A08A7591B88}.Debug|Any CPU.ActiveCfg = Debug|Any CPU
		{74C19AD7-B0F4-4D94-9D1E-3A08A7591B88}.Debug|Any CPU.Build.0 = Debug|Any CPU
		{74C19AD7-B0F4-4D94-9D1E-3A08A7591B88}.Release|Any CPU.ActiveCfg = Release|Any CPU
		{74C19AD7-B0F4-4D94-9D1E-3A08A7591B88}.Release|Any CPU.Build.0 = Release|Any CPU
	EndGlobalSection
	GlobalSection(SolutionProperties) = preSolution
		HideSolutionNode = FALSE
	EndGlobalSection
	GlobalSection(ExtensibilityGlobals) = postSolution
		SolutionGuid = {C6CADFBF-A393-4BD4-927B-AC2334FD6443}
	EndGlobalSection
EndGlobal
